// !$*UTF8*$!
{
	archiveVersion = 1;
	classes = {
	};
	objectVersion = 55;
	objects = {

/* Begin PBXBuildFile section */
		E8983E3F277A36AF00411B6E /* AppDelegate.swift in Sources */ = {isa = PBXBuildFile; fileRef = E8983E3E277A36AF00411B6E /* AppDelegate.swift */; };
		E8983E43277A36AF00411B6E /* AppViewController.swift in Sources */ = {isa = PBXBuildFile; fileRef = E8983E42277A36AF00411B6E /* AppViewController.swift */; };
		E8983E48277A36B400411B6E /* Assets.xcassets in Resources */ = {isa = PBXBuildFile; fileRef = E8983E47277A36B400411B6E /* Assets.xcassets */; };
		E8983E4B277A36B400411B6E /* LaunchScreen.storyboard in Resources */ = {isa = PBXBuildFile; fileRef = E8983E49277A36B400411B6E /* LaunchScreen.storyboard */; };
		E8983E55277A379000411B6E /* ListSeriesRepository.swift in Sources */ = {isa = PBXBuildFile; fileRef = E8983E54277A379000411B6E /* ListSeriesRepository.swift */; };
		E8983E57277A391600411B6E /* ListSeriesRemoteService.swift in Sources */ = {isa = PBXBuildFile; fileRef = E8983E56277A391600411B6E /* ListSeriesRemoteService.swift */; };
		E8983E61277A3ADE00411B6E /* Alamofire in Frameworks */ = {isa = PBXBuildFile; productRef = E8983E60277A3ADE00411B6E /* Alamofire */; };
		E8983E64277A3BC700411B6E /* Series.swift in Sources */ = {isa = PBXBuildFile; fileRef = E8983E63277A3BC700411B6E /* Series.swift */; };
		E8983E66277A3C2000411B6E /* Image.swift in Sources */ = {isa = PBXBuildFile; fileRef = E8983E65277A3C2000411B6E /* Image.swift */; };
		E8983E68277A3CCC00411B6E /* SeriesSchedule.swift in Sources */ = {isa = PBXBuildFile; fileRef = E8983E67277A3CCC00411B6E /* SeriesSchedule.swift */; };
		E8983E6A277A3F4600411B6E /* Genre.swift in Sources */ = {isa = PBXBuildFile; fileRef = E8983E69277A3F4600411B6E /* Genre.swift */; };
		E8983E6E277A416A00411B6E /* SeriesEpisode.swift in Sources */ = {isa = PBXBuildFile; fileRef = E8983E6D277A416A00411B6E /* SeriesEpisode.swift */; };
		E8983E70277A435300411B6E /* Day.swift in Sources */ = {isa = PBXBuildFile; fileRef = E8983E6F277A435300411B6E /* Day.swift */; };
		E8983E72277A437A00411B6E /* Time.swift in Sources */ = {isa = PBXBuildFile; fileRef = E8983E71277A437A00411B6E /* Time.swift */; };
		E8983E75277A4CAB00411B6E /* RemoteResponse.swift in Sources */ = {isa = PBXBuildFile; fileRef = E8983E74277A4CAB00411B6E /* RemoteResponse.swift */; };
		E8983E8C277A5BD200411B6E /* SeriesTests.swift in Sources */ = {isa = PBXBuildFile; fileRef = E8983E8B277A5BD200411B6E /* SeriesTests.swift */; };
		E8983E8F277A5FDA00411B6E /* Series.json in Resources */ = {isa = PBXBuildFile; fileRef = E8983E8E277A5C3500411B6E /* Series.json */; };
		E8983E92277B4CFE00411B6E /* Mocker in Frameworks */ = {isa = PBXBuildFile; productRef = E8983E91277B4CFE00411B6E /* Mocker */; };
		E8983E96277B4D5400411B6E /* ListSeriresRemoteServiceTests.swift in Sources */ = {isa = PBXBuildFile; fileRef = E8983E95277B4D5400411B6E /* ListSeriresRemoteServiceTests.swift */; };
		E8983E98277B51CE00411B6E /* ListSeriesMockedData.swift in Sources */ = {isa = PBXBuildFile; fileRef = E8983E97277B51CE00411B6E /* ListSeriesMockedData.swift */; };
		E8983E9B277B547800411B6E /* ListSeries.json in Resources */ = {isa = PBXBuildFile; fileRef = E8983E9A277B522600411B6E /* ListSeries.json */; };
		E8983E9E277B5B3A00411B6E /* ListSeriesInteractor.swift in Sources */ = {isa = PBXBuildFile; fileRef = E8983E9D277B5B3A00411B6E /* ListSeriesInteractor.swift */; };
		E8983EA0277B668D00411B6E /* ListSeriesState.swift in Sources */ = {isa = PBXBuildFile; fileRef = E8983E9F277B668D00411B6E /* ListSeriesState.swift */; };
		E8983EA3277B681E00411B6E /* ListSeriesPresenter.swift in Sources */ = {isa = PBXBuildFile; fileRef = E8983EA2277B681E00411B6E /* ListSeriesPresenter.swift */; };
		E8983EA5277B68AB00411B6E /* ListSeriesInteractorProtocols.swift in Sources */ = {isa = PBXBuildFile; fileRef = E8983EA4277B68AB00411B6E /* ListSeriesInteractorProtocols.swift */; };
		E8983EA7277B69F500411B6E /* ListSeriesViewController.swift in Sources */ = {isa = PBXBuildFile; fileRef = E8983EA6277B69F500411B6E /* ListSeriesViewController.swift */; };
		E8983EA9277B7BAF00411B6E /* SeriesViewCell.swift in Sources */ = {isa = PBXBuildFile; fileRef = E8983EA8277B7BAE00411B6E /* SeriesViewCell.swift */; };
		E8983EAC277B7E3000411B6E /* AppRouter.swift in Sources */ = {isa = PBXBuildFile; fileRef = E8983EAB277B7E3000411B6E /* AppRouter.swift */; };
		E8983EB0277B80E300411B6E /* ListSeriesRouter.swift in Sources */ = {isa = PBXBuildFile; fileRef = E8983EAF277B80E300411B6E /* ListSeriesRouter.swift */; };
		E8983EB5277B89A400411B6E /* ViewConfiguration.swift in Sources */ = {isa = PBXBuildFile; fileRef = E8983EB4277B89A400411B6E /* ViewConfiguration.swift */; };
		E8983EB8277B944E00411B6E /* Kingfisher in Frameworks */ = {isa = PBXBuildFile; productRef = E8983EB7277B944E00411B6E /* Kingfisher */; };
/* End PBXBuildFile section */

/* Begin PBXContainerItemProxy section */
		E8983E80277A58DA00411B6E /* PBXContainerItemProxy */ = {
			isa = PBXContainerItemProxy;
			containerPortal = E8983E33277A36AF00411B6E /* Project object */;
			proxyType = 1;
			remoteGlobalIDString = E8983E3A277A36AF00411B6E;
			remoteInfo = "Amaze Series";
		};
/* End PBXContainerItemProxy section */

/* Begin PBXFileReference section */
		E8983E3B277A36AF00411B6E /* Amaze Series.app */ = {isa = PBXFileReference; explicitFileType = wrapper.application; includeInIndex = 0; path = "Amaze Series.app"; sourceTree = BUILT_PRODUCTS_DIR; };
		E8983E3E277A36AF00411B6E /* AppDelegate.swift */ = {isa = PBXFileReference; lastKnownFileType = sourcecode.swift; path = AppDelegate.swift; sourceTree = "<group>"; };
		E8983E42277A36AF00411B6E /* AppViewController.swift */ = {isa = PBXFileReference; lastKnownFileType = sourcecode.swift; path = AppViewController.swift; sourceTree = "<group>"; };
		E8983E47277A36B400411B6E /* Assets.xcassets */ = {isa = PBXFileReference; lastKnownFileType = folder.assetcatalog; path = Assets.xcassets; sourceTree = "<group>"; };
		E8983E4A277A36B400411B6E /* Base */ = {isa = PBXFileReference; lastKnownFileType = file.storyboard; name = Base; path = Base.lproj/LaunchScreen.storyboard; sourceTree = "<group>"; };
		E8983E4C277A36B400411B6E /* Info.plist */ = {isa = PBXFileReference; lastKnownFileType = text.plist.xml; path = Info.plist; sourceTree = "<group>"; };
		E8983E54277A379000411B6E /* ListSeriesRepository.swift */ = {isa = PBXFileReference; lastKnownFileType = sourcecode.swift; path = ListSeriesRepository.swift; sourceTree = "<group>"; };
		E8983E56277A391600411B6E /* ListSeriesRemoteService.swift */ = {isa = PBXFileReference; lastKnownFileType = sourcecode.swift; path = ListSeriesRemoteService.swift; sourceTree = "<group>"; };
		E8983E63277A3BC700411B6E /* Series.swift */ = {isa = PBXFileReference; lastKnownFileType = sourcecode.swift; path = Series.swift; sourceTree = "<group>"; };
		E8983E65277A3C2000411B6E /* Image.swift */ = {isa = PBXFileReference; lastKnownFileType = sourcecode.swift; path = Image.swift; sourceTree = "<group>"; };
		E8983E67277A3CCC00411B6E /* SeriesSchedule.swift */ = {isa = PBXFileReference; lastKnownFileType = sourcecode.swift; path = SeriesSchedule.swift; sourceTree = "<group>"; };
		E8983E69277A3F4600411B6E /* Genre.swift */ = {isa = PBXFileReference; lastKnownFileType = sourcecode.swift; path = Genre.swift; sourceTree = "<group>"; };
		E8983E6D277A416A00411B6E /* SeriesEpisode.swift */ = {isa = PBXFileReference; lastKnownFileType = sourcecode.swift; path = SeriesEpisode.swift; sourceTree = "<group>"; };
		E8983E6F277A435300411B6E /* Day.swift */ = {isa = PBXFileReference; lastKnownFileType = sourcecode.swift; path = Day.swift; sourceTree = "<group>"; };
		E8983E71277A437A00411B6E /* Time.swift */ = {isa = PBXFileReference; lastKnownFileType = sourcecode.swift; path = Time.swift; sourceTree = "<group>"; };
		E8983E74277A4CAB00411B6E /* RemoteResponse.swift */ = {isa = PBXFileReference; lastKnownFileType = sourcecode.swift; path = RemoteResponse.swift; sourceTree = "<group>"; };
		E8983E7C277A58D900411B6E /* AmazeSeriesTests.xctest */ = {isa = PBXFileReference; explicitFileType = wrapper.cfbundle; includeInIndex = 0; path = AmazeSeriesTests.xctest; sourceTree = BUILT_PRODUCTS_DIR; };
		E8983E8B277A5BD200411B6E /* SeriesTests.swift */ = {isa = PBXFileReference; lastKnownFileType = sourcecode.swift; path = SeriesTests.swift; sourceTree = "<group>"; };
		E8983E8E277A5C3500411B6E /* Series.json */ = {isa = PBXFileReference; lastKnownFileType = text.json; path = Series.json; sourceTree = "<group>"; };
		E8983E95277B4D5400411B6E /* ListSeriresRemoteServiceTests.swift */ = {isa = PBXFileReference; lastKnownFileType = sourcecode.swift; name = ListSeriresRemoteServiceTests.swift; path = AmazeSeriesTests/Core/Domain/RawData/ListSeriresRemoteServiceTests.swift; sourceTree = SOURCE_ROOT; };
		E8983E97277B51CE00411B6E /* ListSeriesMockedData.swift */ = {isa = PBXFileReference; lastKnownFileType = sourcecode.swift; name = ListSeriesMockedData.swift; path = AmazeSeriesTests/ListSeries/Infrastructure/Mocks/ListSeriesMockedData.swift; sourceTree = SOURCE_ROOT; };
		E8983E9A277B522600411B6E /* ListSeries.json */ = {isa = PBXFileReference; lastKnownFileType = text.json; name = ListSeries.json; path = AmazeSeriesTests/Core/Domain/RawData/ListSeries.json; sourceTree = SOURCE_ROOT; };
		E8983E9D277B5B3A00411B6E /* ListSeriesInteractor.swift */ = {isa = PBXFileReference; lastKnownFileType = sourcecode.swift; path = ListSeriesInteractor.swift; sourceTree = "<group>"; };
		E8983E9F277B668D00411B6E /* ListSeriesState.swift */ = {isa = PBXFileReference; lastKnownFileType = sourcecode.swift; path = ListSeriesState.swift; sourceTree = "<group>"; };
		E8983EA2277B681E00411B6E /* ListSeriesPresenter.swift */ = {isa = PBXFileReference; lastKnownFileType = sourcecode.swift; path = ListSeriesPresenter.swift; sourceTree = "<group>"; };
		E8983EA4277B68AB00411B6E /* ListSeriesInteractorProtocols.swift */ = {isa = PBXFileReference; lastKnownFileType = sourcecode.swift; path = ListSeriesInteractorProtocols.swift; sourceTree = "<group>"; };
		E8983EA6277B69F500411B6E /* ListSeriesViewController.swift */ = {isa = PBXFileReference; lastKnownFileType = sourcecode.swift; path = ListSeriesViewController.swift; sourceTree = "<group>"; };
		E8983EA8277B7BAE00411B6E /* SeriesViewCell.swift */ = {isa = PBXFileReference; lastKnownFileType = sourcecode.swift; path = SeriesViewCell.swift; sourceTree = "<group>"; };
		E8983EAB277B7E3000411B6E /* AppRouter.swift */ = {isa = PBXFileReference; lastKnownFileType = sourcecode.swift; path = AppRouter.swift; sourceTree = "<group>"; };
		E8983EAF277B80E300411B6E /* ListSeriesRouter.swift */ = {isa = PBXFileReference; lastKnownFileType = sourcecode.swift; path = ListSeriesRouter.swift; sourceTree = "<group>"; };
		E8983EB4277B89A400411B6E /* ViewConfiguration.swift */ = {isa = PBXFileReference; lastKnownFileType = sourcecode.swift; path = ViewConfiguration.swift; sourceTree = "<group>"; };
/* End PBXFileReference section */

/* Begin PBXFrameworksBuildPhase section */
		E8983E38277A36AF00411B6E /* Frameworks */ = {
			isa = PBXFrameworksBuildPhase;
			buildActionMask = 2147483647;
			files = (
				E8983EB8277B944E00411B6E /* Kingfisher in Frameworks */,
				E8983E61277A3ADE00411B6E /* Alamofire in Frameworks */,
				E8983E92277B4CFE00411B6E /* Mocker in Frameworks */,
			);
			runOnlyForDeploymentPostprocessing = 0;
		};
		E8983E79277A58D900411B6E /* Frameworks */ = {
			isa = PBXFrameworksBuildPhase;
			buildActionMask = 2147483647;
			files = (
			);
			runOnlyForDeploymentPostprocessing = 0;
		};
/* End PBXFrameworksBuildPhase section */

/* Begin PBXGroup section */
		E8983E32277A36AF00411B6E = {
			isa = PBXGroup;
			children = (
				E8983E3D277A36AF00411B6E /* Amaze Series */,
				E8983E7D277A58D900411B6E /* AmazeSeriesTests */,
				E8983E3C277A36AF00411B6E /* Products */,
			);
			sourceTree = "<group>";
		};
		E8983E3C277A36AF00411B6E /* Products */ = {
			isa = PBXGroup;
			children = (
				E8983E3B277A36AF00411B6E /* Amaze Series.app */,
				E8983E7C277A58D900411B6E /* AmazeSeriesTests.xctest */,
			);
			name = Products;
			sourceTree = "<group>";
		};
		E8983E3D277A36AF00411B6E /* Amaze Series */ = {
			isa = PBXGroup;
			children = (
				E8983E4C277A36B400411B6E /* Info.plist */,
				E8983EB2277B877400411B6E /* Assets */,
				E8983EAA277B7E1700411B6E /* App */,
				E8983E58277A396C00411B6E /* Core */,
				E8983E52277A36E500411B6E /* ListSeries */,
			);
			path = "Amaze Series";
			sourceTree = "<group>";
		};
		E8983E52277A36E500411B6E /* ListSeries */ = {
			isa = PBXGroup;
			children = (
				E8983EA1277B680E00411B6E /* Presentation */,
				E8983E9C277B5AC200411B6E /* Application */,
				E8983E53277A372A00411B6E /* Infrastructure */,
			);
			path = ListSeries;
			sourceTree = "<group>";
		};
		E8983E53277A372A00411B6E /* Infrastructure */ = {
			isa = PBXGroup;
			children = (
				E8983E54277A379000411B6E /* ListSeriesRepository.swift */,
				E8983E56277A391600411B6E /* ListSeriesRemoteService.swift */,
			);
			path = Infrastructure;
			sourceTree = "<group>";
		};
		E8983E58277A396C00411B6E /* Core */ = {
			isa = PBXGroup;
			children = (
				E8983EB3277B899100411B6E /* Presentation */,
				E8983E73277A4C9200411B6E /* Infrastructure */,
				E8983E62277A3B9300411B6E /* Domain */,
			);
			path = Core;
			sourceTree = "<group>";
		};
		E8983E62277A3B9300411B6E /* Domain */ = {
			isa = PBXGroup;
			children = (
				E8983E63277A3BC700411B6E /* Series.swift */,
				E8983E6D277A416A00411B6E /* SeriesEpisode.swift */,
				E8983E67277A3CCC00411B6E /* SeriesSchedule.swift */,
				E8983E65277A3C2000411B6E /* Image.swift */,
				E8983E69277A3F4600411B6E /* Genre.swift */,
				E8983E6F277A435300411B6E /* Day.swift */,
				E8983E71277A437A00411B6E /* Time.swift */,
			);
			path = Domain;
			sourceTree = "<group>";
		};
		E8983E73277A4C9200411B6E /* Infrastructure */ = {
			isa = PBXGroup;
			children = (
				E8983E74277A4CAB00411B6E /* RemoteResponse.swift */,
			);
			path = Infrastructure;
			sourceTree = "<group>";
		};
		E8983E7D277A58D900411B6E /* AmazeSeriesTests */ = {
			isa = PBXGroup;
			children = (
				E8983E93277B4D2F00411B6E /* ListSeries */,
				E8983E89277A5BB900411B6E /* Core */,
			);
			path = AmazeSeriesTests;
			sourceTree = "<group>";
		};
		E8983E89277A5BB900411B6E /* Core */ = {
			isa = PBXGroup;
			children = (
				E8983E8A277A5BBE00411B6E /* Domain */,
			);
			path = Core;
			sourceTree = "<group>";
		};
		E8983E8A277A5BBE00411B6E /* Domain */ = {
			isa = PBXGroup;
			children = (
				E8983E8D277A5BF900411B6E /* RawData */,
				E8983E8B277A5BD200411B6E /* SeriesTests.swift */,
			);
			path = Domain;
			sourceTree = "<group>";
		};
		E8983E8D277A5BF900411B6E /* RawData */ = {
			isa = PBXGroup;
			children = (
				E8983E8E277A5C3500411B6E /* Series.json */,
			);
			path = RawData;
			sourceTree = "<group>";
		};
		E8983E93277B4D2F00411B6E /* ListSeries */ = {
			isa = PBXGroup;
			children = (
				E8983E94277B4D3700411B6E /* Infrastructure */,
			);
			path = ListSeries;
			sourceTree = "<group>";
		};
		E8983E94277B4D3700411B6E /* Infrastructure */ = {
			isa = PBXGroup;
			children = (
				E8983E99277B521000411B6E /* Mocks */,
				E8983E95277B4D5400411B6E /* ListSeriresRemoteServiceTests.swift */,
			);
			path = Infrastructure;
			sourceTree = "<group>";
		};
		E8983E99277B521000411B6E /* Mocks */ = {
			isa = PBXGroup;
			children = (
				E8983E97277B51CE00411B6E /* ListSeriesMockedData.swift */,
				E8983E9A277B522600411B6E /* ListSeries.json */,
			);
			path = Mocks;
			sourceTree = "<group>";
		};
		E8983E9C277B5AC200411B6E /* Application */ = {
			isa = PBXGroup;
			children = (
				E8983E9D277B5B3A00411B6E /* ListSeriesInteractor.swift */,
				E8983E9F277B668D00411B6E /* ListSeriesState.swift */,
				E8983EA4277B68AB00411B6E /* ListSeriesInteractorProtocols.swift */,
				E8983EAF277B80E300411B6E /* ListSeriesRouter.swift */,
			);
			path = Application;
			sourceTree = "<group>";
		};
		E8983EA1277B680E00411B6E /* Presentation */ = {
			isa = PBXGroup;
			children = (
				E8983EA2277B681E00411B6E /* ListSeriesPresenter.swift */,
				E8983EA6277B69F500411B6E /* ListSeriesViewController.swift */,
				E8983EA8277B7BAE00411B6E /* SeriesViewCell.swift */,
			);
			path = Presentation;
			sourceTree = "<group>";
		};
		E8983EAA277B7E1700411B6E /* App */ = {
			isa = PBXGroup;
			children = (
				E8983EAE277B7E6C00411B6E /* Presentation */,
				E8983EAD277B7E5A00411B6E /* Application */,
			);
			path = App;
			sourceTree = "<group>";
		};
		E8983EAD277B7E5A00411B6E /* Application */ = {
			isa = PBXGroup;
			children = (
				E8983E3E277A36AF00411B6E /* AppDelegate.swift */,
				E8983EAB277B7E3000411B6E /* AppRouter.swift */,
			);
			path = Application;
			sourceTree = "<group>";
		};
		E8983EAE277B7E6C00411B6E /* Presentation */ = {
			isa = PBXGroup;
			children = (
				E8983E42277A36AF00411B6E /* AppViewController.swift */,
				E8983E49277A36B400411B6E /* LaunchScreen.storyboard */,
			);
			path = Presentation;
			sourceTree = "<group>";
		};
		E8983EB2277B877400411B6E /* Assets */ = {
			isa = PBXGroup;
			children = (
				E8983E47277A36B400411B6E /* Assets.xcassets */,
			);
			path = Assets;
			sourceTree = "<group>";
		};
		E8983EB3277B899100411B6E /* Presentation */ = {
			isa = PBXGroup;
			children = (
				E8983EB4277B89A400411B6E /* ViewConfiguration.swift */,
			);
			path = Presentation;
			sourceTree = "<group>";
		};
/* End PBXGroup section */

/* Begin PBXNativeTarget section */
		E8983E3A277A36AF00411B6E /* Amaze Series */ = {
			isa = PBXNativeTarget;
			buildConfigurationList = E8983E4F277A36B400411B6E /* Build configuration list for PBXNativeTarget "Amaze Series" */;
			buildPhases = (
				E8983E37277A36AF00411B6E /* Sources */,
				E8983E38277A36AF00411B6E /* Frameworks */,
				E8983E39277A36AF00411B6E /* Resources */,
			);
			buildRules = (
			);
			dependencies = (
			);
			name = "Amaze Series";
			packageProductDependencies = (
				E8983E60277A3ADE00411B6E /* Alamofire */,
				E8983E91277B4CFE00411B6E /* Mocker */,
				E8983EB7277B944E00411B6E /* Kingfisher */,
			);
			productName = "Amaze Series";
			productReference = E8983E3B277A36AF00411B6E /* Amaze Series.app */;
			productType = "com.apple.product-type.application";
		};
		E8983E7B277A58D900411B6E /* AmazeSeriesTests */ = {
			isa = PBXNativeTarget;
			buildConfigurationList = E8983E82277A58DA00411B6E /* Build configuration list for PBXNativeTarget "AmazeSeriesTests" */;
			buildPhases = (
				E8983E78277A58D900411B6E /* Sources */,
				E8983E79277A58D900411B6E /* Frameworks */,
				E8983E7A277A58D900411B6E /* Resources */,
			);
			buildRules = (
			);
			dependencies = (
				E8983E81277A58DA00411B6E /* PBXTargetDependency */,
			);
			name = AmazeSeriesTests;
			productName = AmazeSeriesTests;
			productReference = E8983E7C277A58D900411B6E /* AmazeSeriesTests.xctest */;
			productType = "com.apple.product-type.bundle.unit-test";
		};
/* End PBXNativeTarget section */

/* Begin PBXProject section */
		E8983E33277A36AF00411B6E /* Project object */ = {
			isa = PBXProject;
			attributes = {
				BuildIndependentTargetsInParallel = 1;
				LastSwiftUpdateCheck = 1320;
				LastUpgradeCheck = 1320;
				TargetAttributes = {
					E8983E3A277A36AF00411B6E = {
						CreatedOnToolsVersion = 13.2.1;
					};
					E8983E7B277A58D900411B6E = {
						CreatedOnToolsVersion = 13.2.1;
						TestTargetID = E8983E3A277A36AF00411B6E;
					};
				};
			};
			buildConfigurationList = E8983E36277A36AF00411B6E /* Build configuration list for PBXProject "Amaze Series" */;
			compatibilityVersion = "Xcode 13.0";
			developmentRegion = en;
			hasScannedForEncodings = 0;
			knownRegions = (
				en,
				Base,
			);
			mainGroup = E8983E32277A36AF00411B6E;
			packageReferences = (
				E8983E5F277A3ADE00411B6E /* XCRemoteSwiftPackageReference "Alamofire" */,
				E8983E90277B4CFD00411B6E /* XCRemoteSwiftPackageReference "Mocker" */,
				E8983EB6277B944E00411B6E /* XCRemoteSwiftPackageReference "Kingfisher" */,
			);
			productRefGroup = E8983E3C277A36AF00411B6E /* Products */;
			projectDirPath = "";
			projectRoot = "";
			targets = (
				E8983E3A277A36AF00411B6E /* Amaze Series */,
				E8983E7B277A58D900411B6E /* AmazeSeriesTests */,
			);
		};
/* End PBXProject section */

/* Begin PBXResourcesBuildPhase section */
		E8983E39277A36AF00411B6E /* Resources */ = {
			isa = PBXResourcesBuildPhase;
			buildActionMask = 2147483647;
			files = (
				E8983E4B277A36B400411B6E /* LaunchScreen.storyboard in Resources */,
				E8983E48277A36B400411B6E /* Assets.xcassets in Resources */,
			);
			runOnlyForDeploymentPostprocessing = 0;
		};
		E8983E7A277A58D900411B6E /* Resources */ = {
			isa = PBXResourcesBuildPhase;
			buildActionMask = 2147483647;
			files = (
				E8983E9B277B547800411B6E /* ListSeries.json in Resources */,
				E8983E8F277A5FDA00411B6E /* Series.json in Resources */,
			);
			runOnlyForDeploymentPostprocessing = 0;
		};
/* End PBXResourcesBuildPhase section */

/* Begin PBXSourcesBuildPhase section */
		E8983E37277A36AF00411B6E /* Sources */ = {
			isa = PBXSourcesBuildPhase;
			buildActionMask = 2147483647;
			files = (
				E8983E75277A4CAB00411B6E /* RemoteResponse.swift in Sources */,
				E8983EA3277B681E00411B6E /* ListSeriesPresenter.swift in Sources */,
				E8983E9E277B5B3A00411B6E /* ListSeriesInteractor.swift in Sources */,
				E8983E66277A3C2000411B6E /* Image.swift in Sources */,
				E8983E55277A379000411B6E /* ListSeriesRepository.swift in Sources */,
				E8983E6E277A416A00411B6E /* SeriesEpisode.swift in Sources */,
				E8983EB0277B80E300411B6E /* ListSeriesRouter.swift in Sources */,
				E8983E68277A3CCC00411B6E /* SeriesSchedule.swift in Sources */,
				E8983E70277A435300411B6E /* Day.swift in Sources */,
				E8983EAC277B7E3000411B6E /* AppRouter.swift in Sources */,
				E8983E72277A437A00411B6E /* Time.swift in Sources */,
				E8983E43277A36AF00411B6E /* AppViewController.swift in Sources */,
				E8983EB5277B89A400411B6E /* ViewConfiguration.swift in Sources */,
				E8983E3F277A36AF00411B6E /* AppDelegate.swift in Sources */,
				E8983E57277A391600411B6E /* ListSeriesRemoteService.swift in Sources */,
				E8983E64277A3BC700411B6E /* Series.swift in Sources */,
				E8983EA0277B668D00411B6E /* ListSeriesState.swift in Sources */,
				E8983EA9277B7BAF00411B6E /* SeriesViewCell.swift in Sources */,
				E8983EA5277B68AB00411B6E /* ListSeriesInteractorProtocols.swift in Sources */,
				E8983E6A277A3F4600411B6E /* Genre.swift in Sources */,
				E8983EA7277B69F500411B6E /* ListSeriesViewController.swift in Sources */,
			);
			runOnlyForDeploymentPostprocessing = 0;
		};
		E8983E78277A58D900411B6E /* Sources */ = {
			isa = PBXSourcesBuildPhase;
			buildActionMask = 2147483647;
			files = (
				E8983E8C277A5BD200411B6E /* SeriesTests.swift in Sources */,
				E8983E96277B4D5400411B6E /* ListSeriresRemoteServiceTests.swift in Sources */,
				E8983E98277B51CE00411B6E /* ListSeriesMockedData.swift in Sources */,
			);
			runOnlyForDeploymentPostprocessing = 0;
		};
/* End PBXSourcesBuildPhase section */

/* Begin PBXTargetDependency section */
		E8983E81277A58DA00411B6E /* PBXTargetDependency */ = {
			isa = PBXTargetDependency;
			target = E8983E3A277A36AF00411B6E /* Amaze Series */;
			targetProxy = E8983E80277A58DA00411B6E /* PBXContainerItemProxy */;
		};
/* End PBXTargetDependency section */

/* Begin PBXVariantGroup section */
		E8983E49277A36B400411B6E /* LaunchScreen.storyboard */ = {
			isa = PBXVariantGroup;
			children = (
				E8983E4A277A36B400411B6E /* Base */,
			);
			name = LaunchScreen.storyboard;
			sourceTree = "<group>";
		};
/* End PBXVariantGroup section */

/* Begin XCBuildConfiguration section */
		E8983E4D277A36B400411B6E /* Debug */ = {
			isa = XCBuildConfiguration;
			buildSettings = {
				ALWAYS_SEARCH_USER_PATHS = NO;
				CLANG_ANALYZER_NONNULL = YES;
				CLANG_ANALYZER_NUMBER_OBJECT_CONVERSION = YES_AGGRESSIVE;
				CLANG_CXX_LANGUAGE_STANDARD = "gnu++17";
				CLANG_CXX_LIBRARY = "libc++";
				CLANG_ENABLE_MODULES = YES;
				CLANG_ENABLE_OBJC_ARC = YES;
				CLANG_ENABLE_OBJC_WEAK = YES;
				CLANG_WARN_BLOCK_CAPTURE_AUTORELEASING = YES;
				CLANG_WARN_BOOL_CONVERSION = YES;
				CLANG_WARN_COMMA = YES;
				CLANG_WARN_CONSTANT_CONVERSION = YES;
				CLANG_WARN_DEPRECATED_OBJC_IMPLEMENTATIONS = YES;
				CLANG_WARN_DIRECT_OBJC_ISA_USAGE = YES_ERROR;
				CLANG_WARN_DOCUMENTATION_COMMENTS = YES;
				CLANG_WARN_EMPTY_BODY = YES;
				CLANG_WARN_ENUM_CONVERSION = YES;
				CLANG_WARN_INFINITE_RECURSION = YES;
				CLANG_WARN_INT_CONVERSION = YES;
				CLANG_WARN_NON_LITERAL_NULL_CONVERSION = YES;
				CLANG_WARN_OBJC_IMPLICIT_RETAIN_SELF = YES;
				CLANG_WARN_OBJC_LITERAL_CONVERSION = YES;
				CLANG_WARN_OBJC_ROOT_CLASS = YES_ERROR;
				CLANG_WARN_QUOTED_INCLUDE_IN_FRAMEWORK_HEADER = YES;
				CLANG_WARN_RANGE_LOOP_ANALYSIS = YES;
				CLANG_WARN_STRICT_PROTOTYPES = YES;
				CLANG_WARN_SUSPICIOUS_MOVE = YES;
				CLANG_WARN_UNGUARDED_AVAILABILITY = YES_AGGRESSIVE;
				CLANG_WARN_UNREACHABLE_CODE = YES;
				CLANG_WARN__DUPLICATE_METHOD_MATCH = YES;
				COPY_PHASE_STRIP = NO;
				DEBUG_INFORMATION_FORMAT = dwarf;
				ENABLE_STRICT_OBJC_MSGSEND = YES;
				ENABLE_TESTABILITY = YES;
				GCC_C_LANGUAGE_STANDARD = gnu11;
				GCC_DYNAMIC_NO_PIC = NO;
				GCC_NO_COMMON_BLOCKS = YES;
				GCC_OPTIMIZATION_LEVEL = 0;
				GCC_PREPROCESSOR_DEFINITIONS = (
					"DEBUG=1",
					"$(inherited)",
				);
				GCC_WARN_64_TO_32_BIT_CONVERSION = YES;
				GCC_WARN_ABOUT_RETURN_TYPE = YES_ERROR;
				GCC_WARN_UNDECLARED_SELECTOR = YES;
				GCC_WARN_UNINITIALIZED_AUTOS = YES_AGGRESSIVE;
				GCC_WARN_UNUSED_FUNCTION = YES;
				GCC_WARN_UNUSED_VARIABLE = YES;
				IPHONEOS_DEPLOYMENT_TARGET = 15.2;
				MTL_ENABLE_DEBUG_INFO = INCLUDE_SOURCE;
				MTL_FAST_MATH = YES;
				ONLY_ACTIVE_ARCH = YES;
				SDKROOT = iphoneos;
				SWIFT_ACTIVE_COMPILATION_CONDITIONS = DEBUG;
				SWIFT_OPTIMIZATION_LEVEL = "-Onone";
			};
			name = Debug;
		};
		E8983E4E277A36B400411B6E /* Release */ = {
			isa = XCBuildConfiguration;
			buildSettings = {
				ALWAYS_SEARCH_USER_PATHS = NO;
				CLANG_ANALYZER_NONNULL = YES;
				CLANG_ANALYZER_NUMBER_OBJECT_CONVERSION = YES_AGGRESSIVE;
				CLANG_CXX_LANGUAGE_STANDARD = "gnu++17";
				CLANG_CXX_LIBRARY = "libc++";
				CLANG_ENABLE_MODULES = YES;
				CLANG_ENABLE_OBJC_ARC = YES;
				CLANG_ENABLE_OBJC_WEAK = YES;
				CLANG_WARN_BLOCK_CAPTURE_AUTORELEASING = YES;
				CLANG_WARN_BOOL_CONVERSION = YES;
				CLANG_WARN_COMMA = YES;
				CLANG_WARN_CONSTANT_CONVERSION = YES;
				CLANG_WARN_DEPRECATED_OBJC_IMPLEMENTATIONS = YES;
				CLANG_WARN_DIRECT_OBJC_ISA_USAGE = YES_ERROR;
				CLANG_WARN_DOCUMENTATION_COMMENTS = YES;
				CLANG_WARN_EMPTY_BODY = YES;
				CLANG_WARN_ENUM_CONVERSION = YES;
				CLANG_WARN_INFINITE_RECURSION = YES;
				CLANG_WARN_INT_CONVERSION = YES;
				CLANG_WARN_NON_LITERAL_NULL_CONVERSION = YES;
				CLANG_WARN_OBJC_IMPLICIT_RETAIN_SELF = YES;
				CLANG_WARN_OBJC_LITERAL_CONVERSION = YES;
				CLANG_WARN_OBJC_ROOT_CLASS = YES_ERROR;
				CLANG_WARN_QUOTED_INCLUDE_IN_FRAMEWORK_HEADER = YES;
				CLANG_WARN_RANGE_LOOP_ANALYSIS = YES;
				CLANG_WARN_STRICT_PROTOTYPES = YES;
				CLANG_WARN_SUSPICIOUS_MOVE = YES;
				CLANG_WARN_UNGUARDED_AVAILABILITY = YES_AGGRESSIVE;
				CLANG_WARN_UNREACHABLE_CODE = YES;
				CLANG_WARN__DUPLICATE_METHOD_MATCH = YES;
				COPY_PHASE_STRIP = NO;
				DEBUG_INFORMATION_FORMAT = "dwarf-with-dsym";
				ENABLE_NS_ASSERTIONS = NO;
				ENABLE_STRICT_OBJC_MSGSEND = YES;
				GCC_C_LANGUAGE_STANDARD = gnu11;
				GCC_NO_COMMON_BLOCKS = YES;
				GCC_WARN_64_TO_32_BIT_CONVERSION = YES;
				GCC_WARN_ABOUT_RETURN_TYPE = YES_ERROR;
				GCC_WARN_UNDECLARED_SELECTOR = YES;
				GCC_WARN_UNINITIALIZED_AUTOS = YES_AGGRESSIVE;
				GCC_WARN_UNUSED_FUNCTION = YES;
				GCC_WARN_UNUSED_VARIABLE = YES;
				IPHONEOS_DEPLOYMENT_TARGET = 15.2;
				MTL_ENABLE_DEBUG_INFO = NO;
				MTL_FAST_MATH = YES;
				SDKROOT = iphoneos;
				SWIFT_COMPILATION_MODE = wholemodule;
				SWIFT_OPTIMIZATION_LEVEL = "-O";
				VALIDATE_PRODUCT = YES;
			};
			name = Release;
		};
		E8983E50277A36B400411B6E /* Debug */ = {
			isa = XCBuildConfiguration;
			buildSettings = {
				ASSETCATALOG_COMPILER_APPICON_NAME = AppIcon;
				ASSETCATALOG_COMPILER_GLOBAL_ACCENT_COLOR_NAME = AccentColor;
				CODE_SIGN_STYLE = Automatic;
				CURRENT_PROJECT_VERSION = 1;
				DEVELOPMENT_TEAM = 248SB9J68G;
				ENABLE_TESTING_SEARCH_PATHS = YES;
				GENERATE_INFOPLIST_FILE = YES;
				INFOPLIST_FILE = "Amaze Series/Info.plist";
				INFOPLIST_KEY_UIApplicationSupportsIndirectInputEvents = YES;
				INFOPLIST_KEY_UILaunchStoryboardName = LaunchScreen;
				INFOPLIST_KEY_UISupportedInterfaceOrientations_iPad = "UIInterfaceOrientationPortrait UIInterfaceOrientationPortraitUpsideDown UIInterfaceOrientationLandscapeLeft UIInterfaceOrientationLandscapeRight";
				INFOPLIST_KEY_UISupportedInterfaceOrientations_iPhone = "UIInterfaceOrientationPortrait UIInterfaceOrientationLandscapeLeft UIInterfaceOrientationLandscapeRight";
				LD_RUNPATH_SEARCH_PATHS = (
					"$(inherited)",
					"@executable_path/Frameworks",
				);
				MARKETING_VERSION = 1.0;
				PRODUCT_BUNDLE_IDENTIFIER = "dev.bevital.Amaze-Series";
				PRODUCT_NAME = "$(TARGET_NAME)";
				SWIFT_EMIT_LOC_STRINGS = YES;
				SWIFT_VERSION = 5.0;
				TARGETED_DEVICE_FAMILY = "1,2";
			};
			name = Debug;
		};
		E8983E51277A36B400411B6E /* Release */ = {
			isa = XCBuildConfiguration;
			buildSettings = {
				ASSETCATALOG_COMPILER_APPICON_NAME = AppIcon;
				ASSETCATALOG_COMPILER_GLOBAL_ACCENT_COLOR_NAME = AccentColor;
				CODE_SIGN_STYLE = Automatic;
				CURRENT_PROJECT_VERSION = 1;
				DEVELOPMENT_TEAM = 248SB9J68G;
				ENABLE_TESTING_SEARCH_PATHS = YES;
				GENERATE_INFOPLIST_FILE = YES;
				INFOPLIST_FILE = "Amaze Series/Info.plist";
				INFOPLIST_KEY_UIApplicationSupportsIndirectInputEvents = YES;
				INFOPLIST_KEY_UILaunchStoryboardName = LaunchScreen;
				INFOPLIST_KEY_UISupportedInterfaceOrientations_iPad = "UIInterfaceOrientationPortrait UIInterfaceOrientationPortraitUpsideDown UIInterfaceOrientationLandscapeLeft UIInterfaceOrientationLandscapeRight";
				INFOPLIST_KEY_UISupportedInterfaceOrientations_iPhone = "UIInterfaceOrientationPortrait UIInterfaceOrientationLandscapeLeft UIInterfaceOrientationLandscapeRight";
				LD_RUNPATH_SEARCH_PATHS = (
					"$(inherited)",
					"@executable_path/Frameworks",
				);
				MARKETING_VERSION = 1.0;
				PRODUCT_BUNDLE_IDENTIFIER = "dev.bevital.Amaze-Series";
				PRODUCT_NAME = "$(TARGET_NAME)";
				SWIFT_EMIT_LOC_STRINGS = YES;
				SWIFT_VERSION = 5.0;
				TARGETED_DEVICE_FAMILY = "1,2";
			};
			name = Release;
		};
		E8983E83277A58DA00411B6E /* Debug */ = {
			isa = XCBuildConfiguration;
			buildSettings = {
				BUNDLE_LOADER = "$(TEST_HOST)";
				CODE_SIGN_STYLE = Automatic;
				CURRENT_PROJECT_VERSION = 1;
				DEVELOPMENT_TEAM = 248SB9J68G;
				GENERATE_INFOPLIST_FILE = YES;
				MARKETING_VERSION = 1.0;
				PRODUCT_BUNDLE_IDENTIFIER = dev.bevital.AmazeSeriesTests;
				PRODUCT_NAME = "$(TARGET_NAME)";
				SWIFT_EMIT_LOC_STRINGS = NO;
				SWIFT_VERSION = 5.0;
				TARGETED_DEVICE_FAMILY = "1,2";
				TEST_HOST = "$(BUILT_PRODUCTS_DIR)/Amaze Series.app/Amaze Series";
			};
			name = Debug;
		};
		E8983E84277A58DA00411B6E /* Release */ = {
			isa = XCBuildConfiguration;
			buildSettings = {
				BUNDLE_LOADER = "$(TEST_HOST)";
				CODE_SIGN_STYLE = Automatic;
				CURRENT_PROJECT_VERSION = 1;
				DEVELOPMENT_TEAM = 248SB9J68G;
				GENERATE_INFOPLIST_FILE = YES;
				MARKETING_VERSION = 1.0;
				PRODUCT_BUNDLE_IDENTIFIER = dev.bevital.AmazeSeriesTests;
				PRODUCT_NAME = "$(TARGET_NAME)";
				SWIFT_EMIT_LOC_STRINGS = NO;
				SWIFT_VERSION = 5.0;
				TARGETED_DEVICE_FAMILY = "1,2";
				TEST_HOST = "$(BUILT_PRODUCTS_DIR)/Amaze Series.app/Amaze Series";
			};
			name = Release;
		};
/* End XCBuildConfiguration section */

/* Begin XCConfigurationList section */
		E8983E36277A36AF00411B6E /* Build configuration list for PBXProject "Amaze Series" */ = {
			isa = XCConfigurationList;
			buildConfigurations = (
				E8983E4D277A36B400411B6E /* Debug */,
				E8983E4E277A36B400411B6E /* Release */,
			);
			defaultConfigurationIsVisible = 0;
			defaultConfigurationName = Release;
		};
		E8983E4F277A36B400411B6E /* Build configuration list for PBXNativeTarget "Amaze Series" */ = {
			isa = XCConfigurationList;
			buildConfigurations = (
				E8983E50277A36B400411B6E /* Debug */,
				E8983E51277A36B400411B6E /* Release */,
			);
			defaultConfigurationIsVisible = 0;
			defaultConfigurationName = Release;
		};
		E8983E82277A58DA00411B6E /* Build configuration list for PBXNativeTarget "AmazeSeriesTests" */ = {
			isa = XCConfigurationList;
			buildConfigurations = (
				E8983E83277A58DA00411B6E /* Debug */,
				E8983E84277A58DA00411B6E /* Release */,
			);
			defaultConfigurationIsVisible = 0;
			defaultConfigurationName = Release;
		};
/* End XCConfigurationList section */

/* Begin XCRemoteSwiftPackageReference section */
		E8983E5F277A3ADE00411B6E /* XCRemoteSwiftPackageReference "Alamofire" */ = {
			isa = XCRemoteSwiftPackageReference;
			repositoryURL = "https://github.com/Alamofire/Alamofire.git";
			requirement = {
				kind = upToNextMinorVersion;
				minimumVersion = 5.5.0;
			};
		};
		E8983E90277B4CFD00411B6E /* XCRemoteSwiftPackageReference "Mocker" */ = {
			isa = XCRemoteSwiftPackageReference;
			repositoryURL = "https://github.com/WeTransfer/Mocker";
			requirement = {
				kind = upToNextMinorVersion;
				minimumVersion = 2.5.0;
			};
		};
		E8983EB6277B944E00411B6E /* XCRemoteSwiftPackageReference "Kingfisher" */ = {
			isa = XCRemoteSwiftPackageReference;
			repositoryURL = "https://github.com/onevcat/Kingfisher/";
			requirement = {
				kind = upToNextMinorVersion;
				minimumVersion = 7.1.0;
			};
		};
/* End XCRemoteSwiftPackageReference section */

/* Begin XCSwiftPackageProductDependency section */
		E8983E60277A3ADE00411B6E /* Alamofire */ = {
			isa = XCSwiftPackageProductDependency;
			package = E8983E5F277A3ADE00411B6E /* XCRemoteSwiftPackageReference "Alamofire" */;
			productName = Alamofire;
		};
		E8983E91277B4CFE00411B6E /* Mocker */ = {
			isa = XCSwiftPackageProductDependency;
			package = E8983E90277B4CFD00411B6E /* XCRemoteSwiftPackageReference "Mocker" */;
			productName = Mocker;
		};
		E8983EB7277B944E00411B6E /* Kingfisher */ = {
			isa = XCSwiftPackageProductDependency;
			package = E8983EB6277B944E00411B6E /* XCRemoteSwiftPackageReference "Kingfisher" */;
			productName = Kingfisher;
		};
/* End XCSwiftPackageProductDependency section */
	};
	rootObject = E8983E33277A36AF00411B6E /* Project object */;
}
